
Microsoft Visual Studio Solution File, Format Version 12.00
# Visual Studio Version 16
VisualStudioVersion = 16.0.30413.136
MinimumVisualStudioVersion = 10.0.40219.1
Project("{FAE04EC0-301F-11D3-BF4B-00C04F79EFBC}") = "StaticExercise", "StaticExcerise\StaticExercise.csproj", "{A84586B3-04EB-4B18-8AFD-459AE25F97D7}"
EndProject
Global
	GlobalSection(SolutionConfigurationPlatforms) = preSolution
		Debug|Any CPU = Debug|Any CPU
		Release|Any CPU = Release|Any CPU
	EndGlobalSection
	GlobalSection(ProjectConfigurationPlatforms) = postSolution
		{A84586B3-04EB-4B18-8AFD-459AE25F97D7}.Debug|Any CPU.ActiveCfg = Debug|Any CPU
		{A84586B3-04EB-4B18-8AFD-459AE25F97D7}.Debug|Any CPU.Build.0 = Debug|Any CPU
		{A84586B3-04EB-4B18-8AFD-459AE25F97D7}.Release|Any CPU.ActiveCfg = Release|Any CPU
		{A84586B3-04EB-4B18-8AFD-459AE25F97D7}.Release|Any CPU.Build.0 = Release|Any CPU
	EndGlobalSection
	GlobalSection(SolutionProperties) = preSolution
		HideSolutionNode = FALSE
	EndGlobalSection
	GlobalSection(ExtensibilityGlobals) = postSolution
		SolutionGuid = {924125AC-0E27-4D1A-9BB1-F03432F2BEF5}
	EndGlobalSection
EndGlobal
